
Microsoft Visual Studio Solution File, Format Version 12.00
# Visual Studio 14
VisualStudioVersion = 14.0.24720.0
MinimumVisualStudioVersion = 10.0.40219.1
Project("{FAE04EC0-301F-11D3-BF4B-00C04F79EFBC}") = "ClockUI", "Clock\ClockUI.csproj", "{EB727300-C11E-4704-95FC-1E08B74FE88E}"
EndProject
Project("{FAE04EC0-301F-11D3-BF4B-00C04F79EFBC}") = "ClockLibrary", "ClockLibrary\ClockLibrary.csproj", "{127E379D-F906-4499-98DE-BE9031E8DDB6}"
EndProject
Global
	GlobalSection(SolutionConfigurationPlatforms) = preSolution
		Debug|Any CPU = Debug|Any CPU
		Release|Any CPU = Release|Any CPU
	EndGlobalSection
	GlobalSection(ProjectConfigurationPlatforms) = postSolution
		{EB727300-C11E-4704-95FC-1E08B74FE88E}.Debug|Any CPU.ActiveCfg = Debug|Any CPU
		{EB727300-C11E-4704-95FC-1E08B74FE88E}.Debug|Any CPU.Build.0 = Debug|Any CPU
		{EB727300-C11E-4704-95FC-1E08B74FE88E}.Release|Any CPU.ActiveCfg = Release|Any CPU
		{EB727300-C11E-4704-95FC-1E08B74FE88E}.Release|Any CPU.Build.0 = Release|Any CPU
		{127E379D-F906-4499-98DE-BE9031E8DDB6}.Debug|Any CPU.ActiveCfg = Debug|Any CPU
		{127E379D-F906-4499-98DE-BE9031E8DDB6}.Debug|Any CPU.Build.0 = Debug|Any CPU
		{127E379D-F906-4499-98DE-BE9031E8DDB6}.Release|Any CPU.ActiveCfg = Release|Any CPU
		{127E379D-F906-4499-98DE-BE9031E8DDB6}.Release|Any CPU.Build.0 = Release|Any CPU
	EndGlobalSection
	GlobalSection(SolutionProperties) = preSolution
		HideSolutionNode = FALSE
	EndGlobalSection
EndGlobal
